{
  "name": "@actrium/example-echo-workload-ts",
  "version": "0.1.0",
  "lockfileVersion": 3,
  "requires": true,
  "packages": {
    "": {
      "name": "@actrium/example-echo-workload-ts",
      "version": "0.1.0",
      "dependencies": {
        "@actrium/actr-workload": "file:../../../bindings/typescript/actr-workload"
      },
      "devDependencies": {
        "typescript": "^5.0.0"
      }
    },
    "../../../bindings/typescript/actr-workload": {
      "name": "@actrium/actr-workload",
      "version": "0.1.0",
      "license": "Apache-2.0",
      "dependencies": {
        "@bytecodealliance/componentize-js": "0.21.0",
        "@bytecodealliance/jco": "1.19.0",
        "esbuild": "^0.25.0"
      },
      "bin": {
        "actr-workload-ts": "dist/cli.js"
      },
      "devDependencies": {
        "@eslint/js": "^9.22.0",
        "@types/node": "^22.0.0",
        "eslint": "^9.22.0",
        "globals": "^16.0.0",
        "prettier": "^3.5.3",
        "typescript": "^5.3.0",
        "typescript-eslint": "^8.26.1"
      },
      "engines": {
        "node": ">=20"
      }
    },
    "node_modules/@actrium/actr-workload": {
      "resolved": "../../../bindings/typescript/actr-workload",
      "link": true
    },
    "node_modules/typescript": {
      "version": "5.9.3",
      "resolved": "https://registry.npmjs.org/typescript/-/typescript-5.9.3.tgz",
      "integrity": "sha512-jl1vZzPDinLr9eUt3J/t7V6FgNEw9QjvBPdysz9KfQDD41fQrC2Y4vKQdiaUpFT4bXlb1RHhLpp8wtm6M5TgSw==",
      "dev": true,
      "license": "Apache-2.0",
      "bin": {
        "tsc": "bin/tsc",
        "tsserver": "bin/tsserver"
      },
      "engines": {
        "node": ">=14.17"
      }
    }
  }
}
